
Microsoft Visual Studio Solution File, Format Version 12.00
# Visual Studio 2012
Project("{8BC9CEB8-8B4A-11D0-8D11-00A0C91BC942}") = "Matrix", "Matrix\Matrix.vcxproj", "{47F007F0-96D9-487F-BC37-7943D6DDCF6C}"
EndProject
Project("{2150E333-8FDC-42A3-9474-1A3956D46DE8}") = ".nuget", ".nuget", "{E60C430C-E9E4-47B2-8847-6CAD52539DC7}"
EndProject
Global
	GlobalSection(SolutionConfigurationPlatforms) = preSolution
		Debug|Win32 = Debug|Win32
		Release|Win32 = Release|Win32
	EndGlobalSection
	GlobalSection(ProjectConfigurationPlatforms) = postSolution
		{47F007F0-96D9-487F-BC37-7943D6DDCF6C}.Debug|Win32.ActiveCfg = Debug|Win32
		{47F007F0-96D9-487F-BC37-7943D6DDCF6C}.Debug|Win32.Build.0 = Debug|Win32
		{47F007F0-96D9-487F-BC37-7943D6DDCF6C}.Release|Win32.ActiveCfg = Release|Win32
		{47F007F0-96D9-487F-BC37-7943D6DDCF6C}.Release|Win32.Build.0 = Release|Win32
	EndGlobalSection
	GlobalSection(SolutionProperties) = preSolution
		HideSolutionNode = FALSE
	EndGlobalSection
EndGlobal
